// !$*UTF8*$!
{
	archiveVersion = 1;
	classes = {
	};
	objectVersion = 46;
	objects = {

/* Begin PBXBuildFile section */
		91425A561DD689A5005241B3 /* AppDelegate.m in Sources */ = {isa = PBXBuildFile; fileRef = 91425A511DD689A5005241B3 /* AppDelegate.m */; };
		91425A571DD689A5005241B3 /* main.m in Sources */ = {isa = PBXBuildFile; fileRef = 91425A531DD689A5005241B3 /* main.m */; };
		91425A5A1DD68A62005241B3 /* YRHTabBarController.m in Sources */ = {isa = PBXBuildFile; fileRef = 91425A591DD68A62005241B3 /* YRHTabBarController.m */; };
		91425A5D1DD68FFF005241B3 /* YRHEssenceController.m in Sources */ = {isa = PBXBuildFile; fileRef = 91425A5C1DD68FFF005241B3 /* YRHEssenceController.m */; };
		91425A601DD69014005241B3 /* YRHNewController.m in Sources */ = {isa = PBXBuildFile; fileRef = 91425A5F1DD69014005241B3 /* YRHNewController.m */; };
		91425A631DD69025005241B3 /* YRHFriendTrendController.m in Sources */ = {isa = PBXBuildFile; fileRef = 91425A621DD69025005241B3 /* YRHFriendTrendController.m */; };
		91425A661DD69035005241B3 /* YRHMeController.m in Sources */ = {isa = PBXBuildFile; fileRef = 91425A651DD69035005241B3 /* YRHMeController.m */; };
		91425A691DD6910C005241B3 /* YRHTabBar.m in Sources */ = {isa = PBXBuildFile; fileRef = 91425A681DD6910C005241B3 /* YRHTabBar.m */; };
		91425A6D1DD695B9005241B3 /* UIView+Extension.m in Sources */ = {isa = PBXBuildFile; fileRef = 91425A6C1DD695B9005241B3 /* UIView+Extension.m */; };
		91425A711DD6A0A2005241B3 /* UIBarButtonItem+YRHBarButtonItem.m in Sources */ = {isa = PBXBuildFile; fileRef = 91425A701DD6A0A2005241B3 /* UIBarButtonItem+YRHBarButtonItem.m */; };
		91425A741DD6A504005241B3 /* YRHtestViewController.m in Sources */ = {isa = PBXBuildFile; fileRef = 91425A731DD6A504005241B3 /* YRHtestViewController.m */; };
		91425A771DD6A5F2005241B3 /* YRHNavigationController.m in Sources */ = {isa = PBXBuildFile; fileRef = 91425A761DD6A5F2005241B3 /* YRHNavigationController.m */; };
		91425A791DD6A943005241B3 /* YRHFriendTrendController.xib in Resources */ = {isa = PBXBuildFile; fileRef = 91425A781DD6A943005241B3 /* YRHFriendTrendController.xib */; };
		91425A7D1DD6B0D1005241B3 /* YRHRecommandViewController.m in Sources */ = {isa = PBXBuildFile; fileRef = 91425A7B1DD6B0D1005241B3 /* YRHRecommandViewController.m */; };
		91425A7E1DD6B0D1005241B3 /* YRHRecommandViewController.xib in Resources */ = {isa = PBXBuildFile; fileRef = 91425A7C1DD6B0D1005241B3 /* YRHRecommandViewController.xib */; };
		91425A871DD6C0AE005241B3 /* YRHRecommandCategoryCell.m in Sources */ = {isa = PBXBuildFile; fileRef = 91425A851DD6C0AE005241B3 /* YRHRecommandCategoryCell.m */; };
		91425A881DD6C0AE005241B3 /* YRHRecommandCategoryCell.xib in Resources */ = {isa = PBXBuildFile; fileRef = 91425A861DD6C0AE005241B3 /* YRHRecommandCategoryCell.xib */; };
		91425A8B1DD747CF005241B3 /* YRHCategory.m in Sources */ = {isa = PBXBuildFile; fileRef = 91425A8A1DD747CF005241B3 /* YRHCategory.m */; };
		91425A8F1DD751DE005241B3 /* YRHUserViewCell.m in Sources */ = {isa = PBXBuildFile; fileRef = 91425A8D1DD751DE005241B3 /* YRHUserViewCell.m */; };
		91425A901DD751DE005241B3 /* YRHUserViewCell.xib in Resources */ = {isa = PBXBuildFile; fileRef = 91425A8E1DD751DE005241B3 /* YRHUserViewCell.xib */; };
		91425A931DD752C6005241B3 /* YRHUserCategory.m in Sources */ = {isa = PBXBuildFile; fileRef = 91425A921DD752C6005241B3 /* YRHUserCategory.m */; };
		914A22241DE52892009165E6 /* YRHRecommandTagController.m in Sources */ = {isa = PBXBuildFile; fileRef = 914A22231DE52892009165E6 /* YRHRecommandTagController.m */; };
		914A22281DE5294E009165E6 /* YRHRecommandTagCell.m in Sources */ = {isa = PBXBuildFile; fileRef = 914A22261DE5294E009165E6 /* YRHRecommandTagCell.m */; };
		914A22291DE5294E009165E6 /* YRHRecommandTagCell.xib in Resources */ = {isa = PBXBuildFile; fileRef = 914A22271DE5294E009165E6 /* YRHRecommandTagCell.xib */; };
		914A222C1DE52B43009165E6 /* YRHRecommandTag.m in Sources */ = {isa = PBXBuildFile; fileRef = 914A222B1DE52B43009165E6 /* YRHRecommandTag.m */; };
		914A22351DE53A23009165E6 /* YRHRegisterController.m in Sources */ = {isa = PBXBuildFile; fileRef = 914A22331DE53A23009165E6 /* YRHRegisterController.m */; };
		914A22361DE53A23009165E6 /* YRHRegisterController.xib in Resources */ = {isa = PBXBuildFile; fileRef = 914A22341DE53A23009165E6 /* YRHRegisterController.xib */; };
		914A22391DE53C8F009165E6 /* YRHVerticalButton.m in Sources */ = {isa = PBXBuildFile; fileRef = 914A22381DE53C8F009165E6 /* YRHVerticalButton.m */; };
		914A223C1DE546C3009165E6 /* YRHTextField.m in Sources */ = {isa = PBXBuildFile; fileRef = 914A223B1DE546C3009165E6 /* YRHTextField.m */; };
		914A223F1DE5CBC9009165E6 /* YRHPushGuideView.m in Sources */ = {isa = PBXBuildFile; fileRef = 914A223E1DE5CBC9009165E6 /* YRHPushGuideView.m */; };
		914A22411DE5CBD5009165E6 /* YRHPushGuideView.xib in Resources */ = {isa = PBXBuildFile; fileRef = 914A22401DE5CBD5009165E6 /* YRHPushGuideView.xib */; };
		91BB358D1DE7D16B005AD309 /* YRHTopic.m in Sources */ = {isa = PBXBuildFile; fileRef = 91BB358C1DE7D16B005AD309 /* YRHTopic.m */; };
		91BB35911DE7D369005AD309 /* YRHTopicCell.m in Sources */ = {isa = PBXBuildFile; fileRef = 91BB358F1DE7D369005AD309 /* YRHTopicCell.m */; };
		91BB35921DE7D369005AD309 /* YRHTopicCell.xib in Resources */ = {isa = PBXBuildFile; fileRef = 91BB35901DE7D369005AD309 /* YRHTopicCell.xib */; };
		91BB35951DE7DCD5005AD309 /* YRHConst.m in Sources */ = {isa = PBXBuildFile; fileRef = 91BB35941DE7DCD5005AD309 /* YRHConst.m */; };
		91BB35981DE7F07A005AD309 /* YRHTopicViewController.m in Sources */ = {isa = PBXBuildFile; fileRef = 91BB35971DE7F07A005AD309 /* YRHTopicViewController.m */; };
		91BB359B1DE83DA5005AD309 /* YRHPictureView.m in Sources */ = {isa = PBXBuildFile; fileRef = 91BB359A1DE83DA5005AD309 /* YRHPictureView.m */; };
		91BB359D1DE83DB1005AD309 /* YRHPictureView.xib in Resources */ = {isa = PBXBuildFile; fileRef = 91BB359C1DE83DB1005AD309 /* YRHPictureView.xib */; };
		91BB35A01DE90DA5005AD309 /* YRHProgressView.m in Sources */ = {isa = PBXBuildFile; fileRef = 91BB359F1DE90DA5005AD309 /* YRHProgressView.m */; };
		91BB35A41DE911C6005AD309 /* YRHShowPictureViewController.m in Sources */ = {isa = PBXBuildFile; fileRef = 91BB35A21DE911C6005AD309 /* YRHShowPictureViewController.m */; };
		91BB35A51DE911C6005AD309 /* YRHShowPictureViewController.xib in Resources */ = {isa = PBXBuildFile; fileRef = 91BB35A31DE911C6005AD309 /* YRHShowPictureViewController.xib */; };
		91BB35A91DE93A16005AD309 /* YRHPublishViewController.m in Sources */ = {isa = PBXBuildFile; fileRef = 91BB35A71DE93A16005AD309 /* YRHPublishViewController.m */; };
		91BB35AA1DE93A16005AD309 /* YRHPublishViewController.xib in Resources */ = {isa = PBXBuildFile; fileRef = 91BB35A81DE93A16005AD309 /* YRHPublishViewController.xib */; };
		91BB35AD1DE94D7A005AD309 /* YRHVoiceView.m in Sources */ = {isa = PBXBuildFile; fileRef = 91BB35AC1DE94D7A005AD309 /* YRHVoiceView.m */; };
		91BB35AF1DE94D85005AD309 /* YRHVoiceView.xib in Resources */ = {isa = PBXBuildFile; fileRef = 91BB35AE1DE94D85005AD309 /* YRHVoiceView.xib */; };
		91BB35B21DE9551E005AD309 /* YRHVideoView.m in Sources */ = {isa = PBXBuildFile; fileRef = 91BB35B11DE9551E005AD309 /* YRHVideoView.m */; };
		91BB35B41DE95529005AD309 /* YRHVideoView.xib in Resources */ = {isa = PBXBuildFile; fileRef = 91BB35B31DE95529005AD309 /* YRHVideoView.xib */; };
		91FF6E2D1DD5C55300362E68 /* Assets.xcassets in Resources */ = {isa = PBXBuildFile; fileRef = 91FF6E2C1DD5C55300362E68 /* Assets.xcassets */; };
		91FF6E301DD5C55300362E68 /* LaunchScreen.storyboard in Resources */ = {isa = PBXBuildFile; fileRef = 91FF6E2E1DD5C55300362E68 /* LaunchScreen.storyboard */; };
		C5E8BF564B18EBFB7C349A36 /* libPods-百思不得姐.a in Frameworks */ = {isa = PBXBuildFile; fileRef = 5441F7FAE98D1142102CA247 /* libPods-百思不得姐.a */; };
/* End PBXBuildFile section */

/* Begin PBXFileReference section */
		5441F7FAE98D1142102CA247 /* libPods-百思不得姐.a */ = {isa = PBXFileReference; explicitFileType = archive.ar; includeInIndex = 0; path = "libPods-百思不得姐.a"; sourceTree = BUILT_PRODUCTS_DIR; };
		60E1C74D31DEAF0784D9770C /* Pods-百思不得姐.release.xcconfig */ = {isa = PBXFileReference; includeInIndex = 1; lastKnownFileType = text.xcconfig; name = "Pods-百思不得姐.release.xcconfig"; path = "Pods/Target Support Files/Pods-百思不得姐/Pods-百思不得姐.release.xcconfig"; sourceTree = "<group>"; };
		91425A501DD689A5005241B3 /* AppDelegate.h */ = {isa = PBXFileReference; fileEncoding = 4; lastKnownFileType = sourcecode.c.h; path = AppDelegate.h; sourceTree = "<group>"; };
		91425A511DD689A5005241B3 /* AppDelegate.m */ = {isa = PBXFileReference; fileEncoding = 4; lastKnownFileType = sourcecode.c.objc; path = AppDelegate.m; sourceTree = "<group>"; };
		91425A531DD689A5005241B3 /* main.m */ = {isa = PBXFileReference; fileEncoding = 4; lastKnownFileType = sourcecode.c.objc; path = main.m; sourceTree = "<group>"; };
		91425A581DD68A62005241B3 /* YRHTabBarController.h */ = {isa = PBXFileReference; fileEncoding = 4; lastKnownFileType = sourcecode.c.h; path = YRHTabBarController.h; sourceTree = "<group>"; };
		91425A591DD68A62005241B3 /* YRHTabBarController.m */ = {isa = PBXFileReference; fileEncoding = 4; lastKnownFileType = sourcecode.c.objc; path = YRHTabBarController.m; sourceTree = "<group>"; };
		91425A5B1DD68FFF005241B3 /* YRHEssenceController.h */ = {isa = PBXFileReference; fileEncoding = 4; lastKnownFileType = sourcecode.c.h; path = YRHEssenceController.h; sourceTree = "<group>"; };
		91425A5C1DD68FFF005241B3 /* YRHEssenceController.m */ = {isa = PBXFileReference; fileEncoding = 4; lastKnownFileType = sourcecode.c.objc; path = YRHEssenceController.m; sourceTree = "<group>"; };
		91425A5E1DD69014005241B3 /* YRHNewController.h */ = {isa = PBXFileReference; fileEncoding = 4; lastKnownFileType = sourcecode.c.h; path = YRHNewController.h; sourceTree = "<group>"; };
		91425A5F1DD69014005241B3 /* YRHNewController.m */ = {isa = PBXFileReference; fileEncoding = 4; lastKnownFileType = sourcecode.c.objc; path = YRHNewController.m; sourceTree = "<group>"; };
		91425A611DD69025005241B3 /* YRHFriendTrendController.h */ = {isa = PBXFileReference; fileEncoding = 4; lastKnownFileType = sourcecode.c.h; path = YRHFriendTrendController.h; sourceTree = "<group>"; };
		91425A621DD69025005241B3 /* YRHFriendTrendController.m */ = {isa = PBXFileReference; fileEncoding = 4; lastKnownFileType = sourcecode.c.objc; path = YRHFriendTrendController.m; sourceTree = "<group>"; };
		91425A641DD69035005241B3 /* YRHMeController.h */ = {isa = PBXFileReference; fileEncoding = 4; lastKnownFileType = sourcecode.c.h; path = YRHMeController.h; sourceTree = "<group>"; };
		91425A651DD69035005241B3 /* YRHMeController.m */ = {isa = PBXFileReference; fileEncoding = 4; lastKnownFileType = sourcecode.c.objc; path = YRHMeController.m; sourceTree = "<group>"; };
		91425A671DD6910C005241B3 /* YRHTabBar.h */ = {isa = PBXFileReference; fileEncoding = 4; lastKnownFileType = sourcecode.c.h; path = YRHTabBar.h; sourceTree = "<group>"; };
		91425A681DD6910C005241B3 /* YRHTabBar.m */ = {isa = PBXFileReference; fileEncoding = 4; lastKnownFileType = sourcecode.c.objc; path = YRHTabBar.m; sourceTree = "<group>"; };
		91425A6B1DD695B9005241B3 /* UIView+Extension.h */ = {isa = PBXFileReference; fileEncoding = 4; lastKnownFileType = sourcecode.c.h; path = "UIView+Extension.h"; sourceTree = "<group>"; };
		91425A6C1DD695B9005241B3 /* UIView+Extension.m */ = {isa = PBXFileReference; fileEncoding = 4; lastKnownFileType = sourcecode.c.objc; path = "UIView+Extension.m"; sourceTree = "<group>"; };
		91425A6E1DD695E9005241B3 /* PrefixHeader.pch */ = {isa = PBXFileReference; lastKnownFileType = sourcecode.c.h; path = PrefixHeader.pch; sourceTree = "<group>"; };
		91425A6F1DD6A0A2005241B3 /* UIBarButtonItem+YRHBarButtonItem.h */ = {isa = PBXFileReference; fileEncoding = 4; lastKnownFileType = sourcecode.c.h; path = "UIBarButtonItem+YRHBarButtonItem.h"; sourceTree = "<group>"; };
		91425A701DD6A0A2005241B3 /* UIBarButtonItem+YRHBarButtonItem.m */ = {isa = PBXFileReference; fileEncoding = 4; lastKnownFileType = sourcecode.c.objc; path = "UIBarButtonItem+YRHBarButtonItem.m"; sourceTree = "<group>"; };
		91425A721DD6A504005241B3 /* YRHtestViewController.h */ = {isa = PBXFileReference; fileEncoding = 4; lastKnownFileType = sourcecode.c.h; path = YRHtestViewController.h; sourceTree = "<group>"; };
		91425A731DD6A504005241B3 /* YRHtestViewController.m */ = {isa = PBXFileReference; fileEncoding = 4; lastKnownFileType = sourcecode.c.objc; path = YRHtestViewController.m; sourceTree = "<group>"; };
		91425A751DD6A5F2005241B3 /* YRHNavigationController.h */ = {isa = PBXFileReference; fileEncoding = 4; lastKnownFileType = sourcecode.c.h; path = YRHNavigationController.h; sourceTree = "<group>"; };
		91425A761DD6A5F2005241B3 /* YRHNavigationController.m */ = {isa = PBXFileReference; fileEncoding = 4; lastKnownFileType = sourcecode.c.objc; path = YRHNavigationController.m; sourceTree = "<group>"; };
		91425A781DD6A943005241B3 /* YRHFriendTrendController.xib */ = {isa = PBXFileReference; fileEncoding = 4; lastKnownFileType = file.xib; path = YRHFriendTrendController.xib; sourceTree = "<group>"; };
		91425A7A1DD6B0D1005241B3 /* YRHRecommandViewController.h */ = {isa = PBXFileReference; fileEncoding = 4; lastKnownFileType = sourcecode.c.h; path = YRHRecommandViewController.h; sourceTree = "<group>"; };
		91425A7B1DD6B0D1005241B3 /* YRHRecommandViewController.m */ = {isa = PBXFileReference; fileEncoding = 4; lastKnownFileType = sourcecode.c.objc; path = YRHRecommandViewController.m; sourceTree = "<group>"; };
		91425A7C1DD6B0D1005241B3 /* YRHRecommandViewController.xib */ = {isa = PBXFileReference; fileEncoding = 4; lastKnownFileType = file.xib; path = YRHRecommandViewController.xib; sourceTree = "<group>"; };
		91425A841DD6C0AE005241B3 /* YRHRecommandCategoryCell.h */ = {isa = PBXFileReference; fileEncoding = 4; lastKnownFileType = sourcecode.c.h; path = YRHRecommandCategoryCell.h; sourceTree = "<group>"; };
		91425A851DD6C0AE005241B3 /* YRHRecommandCategoryCell.m */ = {isa = PBXFileReference; fileEncoding = 4; lastKnownFileType = sourcecode.c.objc; path = YRHRecommandCategoryCell.m; sourceTree = "<group>"; };
		91425A861DD6C0AE005241B3 /* YRHRecommandCategoryCell.xib */ = {isa = PBXFileReference; fileEncoding = 4; lastKnownFileType = file.xib; path = YRHRecommandCategoryCell.xib; sourceTree = "<group>"; };
		91425A891DD747CF005241B3 /* YRHCategory.h */ = {isa = PBXFileReference; fileEncoding = 4; lastKnownFileType = sourcecode.c.h; path = YRHCategory.h; sourceTree = "<group>"; };
		91425A8A1DD747CF005241B3 /* YRHCategory.m */ = {isa = PBXFileReference; fileEncoding = 4; lastKnownFileType = sourcecode.c.objc; path = YRHCategory.m; sourceTree = "<group>"; };
		91425A8C1DD751DE005241B3 /* YRHUserViewCell.h */ = {isa = PBXFileReference; fileEncoding = 4; lastKnownFileType = sourcecode.c.h; path = YRHUserViewCell.h; sourceTree = "<group>"; };
		91425A8D1DD751DE005241B3 /* YRHUserViewCell.m */ = {isa = PBXFileReference; fileEncoding = 4; lastKnownFileType = sourcecode.c.objc; path = YRHUserViewCell.m; sourceTree = "<group>"; };
		91425A8E1DD751DE005241B3 /* YRHUserViewCell.xib */ = {isa = PBXFileReference; fileEncoding = 4; lastKnownFileType = file.xib; path = YRHUserViewCell.xib; sourceTree = "<group>"; };
		91425A911DD752C6005241B3 /* YRHUserCategory.h */ = {isa = PBXFileReference; fileEncoding = 4; lastKnownFileType = sourcecode.c.h; path = YRHUserCategory.h; sourceTree = "<group>"; };
		91425A921DD752C6005241B3 /* YRHUserCategory.m */ = {isa = PBXFileReference; fileEncoding = 4; lastKnownFileType = sourcecode.c.objc; path = YRHUserCategory.m; sourceTree = "<group>"; };
		914A22221DE52892009165E6 /* YRHRecommandTagController.h */ = {isa = PBXFileReference; fileEncoding = 4; lastKnownFileType = sourcecode.c.h; path = YRHRecommandTagController.h; sourceTree = "<group>"; };
		914A22231DE52892009165E6 /* YRHRecommandTagController.m */ = {isa = PBXFileReference; fileEncoding = 4; lastKnownFileType = sourcecode.c.objc; path = YRHRecommandTagController.m; sourceTree = "<group>"; };
		914A22251DE5294E009165E6 /* YRHRecommandTagCell.h */ = {isa = PBXFileReference; fileEncoding = 4; lastKnownFileType = sourcecode.c.h; path = YRHRecommandTagCell.h; sourceTree = "<group>"; };
		914A22261DE5294E009165E6 /* YRHRecommandTagCell.m */ = {isa = PBXFileReference; fileEncoding = 4; lastKnownFileType = sourcecode.c.objc; path = YRHRecommandTagCell.m; sourceTree = "<group>"; };
		914A22271DE5294E009165E6 /* YRHRecommandTagCell.xib */ = {isa = PBXFileReference; fileEncoding = 4; lastKnownFileType = file.xib; path = YRHRecommandTagCell.xib; sourceTree = "<group>"; };
		914A222A1DE52B43009165E6 /* YRHRecommandTag.h */ = {isa = PBXFileReference; fileEncoding = 4; lastKnownFileType = sourcecode.c.h; path = YRHRecommandTag.h; sourceTree = "<group>"; };
		914A222B1DE52B43009165E6 /* YRHRecommandTag.m */ = {isa = PBXFileReference; fileEncoding = 4; lastKnownFileType = sourcecode.c.objc; path = YRHRecommandTag.m; sourceTree = "<group>"; };
		914A22321DE53A23009165E6 /* YRHRegisterController.h */ = {isa = PBXFileReference; fileEncoding = 4; lastKnownFileType = sourcecode.c.h; path = YRHRegisterController.h; sourceTree = "<group>"; };
		914A22331DE53A23009165E6 /* YRHRegisterController.m */ = {isa = PBXFileReference; fileEncoding = 4; lastKnownFileType = sourcecode.c.objc; path = YRHRegisterController.m; sourceTree = "<group>"; };
		914A22341DE53A23009165E6 /* YRHRegisterController.xib */ = {isa = PBXFileReference; fileEncoding = 4; lastKnownFileType = file.xib; path = YRHRegisterController.xib; sourceTree = "<group>"; };
		914A22371DE53C8F009165E6 /* YRHVerticalButton.h */ = {isa = PBXFileReference; fileEncoding = 4; lastKnownFileType = sourcecode.c.h; path = YRHVerticalButton.h; sourceTree = "<group>"; };
		914A22381DE53C8F009165E6 /* YRHVerticalButton.m */ = {isa = PBXFileReference; fileEncoding = 4; lastKnownFileType = sourcecode.c.objc; path = YRHVerticalButton.m; sourceTree = "<group>"; };
		914A223A1DE546C3009165E6 /* YRHTextField.h */ = {isa = PBXFileReference; fileEncoding = 4; lastKnownFileType = sourcecode.c.h; path = YRHTextField.h; sourceTree = "<group>"; };
		914A223B1DE546C3009165E6 /* YRHTextField.m */ = {isa = PBXFileReference; fileEncoding = 4; lastKnownFileType = sourcecode.c.objc; path = YRHTextField.m; sourceTree = "<group>"; };
		914A223D1DE5CBC9009165E6 /* YRHPushGuideView.h */ = {isa = PBXFileReference; fileEncoding = 4; lastKnownFileType = sourcecode.c.h; path = YRHPushGuideView.h; sourceTree = "<group>"; };
		914A223E1DE5CBC9009165E6 /* YRHPushGuideView.m */ = {isa = PBXFileReference; fileEncoding = 4; lastKnownFileType = sourcecode.c.objc; path = YRHPushGuideView.m; sourceTree = "<group>"; };
		914A22401DE5CBD5009165E6 /* YRHPushGuideView.xib */ = {isa = PBXFileReference; fileEncoding = 4; lastKnownFileType = file.xib; path = YRHPushGuideView.xib; sourceTree = "<group>"; };
		91BB358B1DE7D16B005AD309 /* YRHTopic.h */ = {isa = PBXFileReference; fileEncoding = 4; lastKnownFileType = sourcecode.c.h; path = YRHTopic.h; sourceTree = "<group>"; };
		91BB358C1DE7D16B005AD309 /* YRHTopic.m */ = {isa = PBXFileReference; fileEncoding = 4; lastKnownFileType = sourcecode.c.objc; path = YRHTopic.m; sourceTree = "<group>"; };
		91BB358E1DE7D369005AD309 /* YRHTopicCell.h */ = {isa = PBXFileReference; fileEncoding = 4; lastKnownFileType = sourcecode.c.h; path = YRHTopicCell.h; sourceTree = "<group>"; };
		91BB358F1DE7D369005AD309 /* YRHTopicCell.m */ = {isa = PBXFileReference; fileEncoding = 4; lastKnownFileType = sourcecode.c.objc; path = YRHTopicCell.m; sourceTree = "<group>"; };
		91BB35901DE7D369005AD309 /* YRHTopicCell.xib */ = {isa = PBXFileReference; fileEncoding = 4; lastKnownFileType = file.xib; path = YRHTopicCell.xib; sourceTree = "<group>"; };
		91BB35931DE7DCD5005AD309 /* YRHConst.h */ = {isa = PBXFileReference; fileEncoding = 4; lastKnownFileType = sourcecode.c.h; path = YRHConst.h; sourceTree = "<group>"; };
		91BB35941DE7DCD5005AD309 /* YRHConst.m */ = {isa = PBXFileReference; fileEncoding = 4; lastKnownFileType = sourcecode.c.objc; path = YRHConst.m; sourceTree = "<group>"; };
		91BB35961DE7F07A005AD309 /* YRHTopicViewController.h */ = {isa = PBXFileReference; fileEncoding = 4; lastKnownFileType = sourcecode.c.h; path = YRHTopicViewController.h; sourceTree = "<group>"; };
		91BB35971DE7F07A005AD309 /* YRHTopicViewController.m */ = {isa = PBXFileReference; fileEncoding = 4; lastKnownFileType = sourcecode.c.objc; path = YRHTopicViewController.m; sourceTree = "<group>"; };
		91BB35991DE83DA5005AD309 /* YRHPictureView.h */ = {isa = PBXFileReference; fileEncoding = 4; lastKnownFileType = sourcecode.c.h; path = YRHPictureView.h; sourceTree = "<group>"; };
		91BB359A1DE83DA5005AD309 /* YRHPictureView.m */ = {isa = PBXFileReference; fileEncoding = 4; lastKnownFileType = sourcecode.c.objc; path = YRHPictureView.m; sourceTree = "<group>"; };
		91BB359C1DE83DB1005AD309 /* YRHPictureView.xib */ = {isa = PBXFileReference; fileEncoding = 4; lastKnownFileType = file.xib; path = YRHPictureView.xib; sourceTree = "<group>"; };
		91BB359E1DE90DA5005AD309 /* YRHProgressView.h */ = {isa = PBXFileReference; fileEncoding = 4; lastKnownFileType = sourcecode.c.h; path = YRHProgressView.h; sourceTree = "<group>"; };
		91BB359F1DE90DA5005AD309 /* YRHProgressView.m */ = {isa = PBXFileReference; fileEncoding = 4; lastKnownFileType = sourcecode.c.objc; path = YRHProgressView.m; sourceTree = "<group>"; };
		91BB35A11DE911C6005AD309 /* YRHShowPictureViewController.h */ = {isa = PBXFileReference; fileEncoding = 4; lastKnownFileType = sourcecode.c.h; path = YRHShowPictureViewController.h; sourceTree = "<group>"; };
		91BB35A21DE911C6005AD309 /* YRHShowPictureViewController.m */ = {isa = PBXFileReference; fileEncoding = 4; lastKnownFileType = sourcecode.c.objc; path = YRHShowPictureViewController.m; sourceTree = "<group>"; };
		91BB35A31DE911C6005AD309 /* YRHShowPictureViewController.xib */ = {isa = PBXFileReference; fileEncoding = 4; lastKnownFileType = file.xib; path = YRHShowPictureViewController.xib; sourceTree = "<group>"; };
		91BB35A61DE93A16005AD309 /* YRHPublishViewController.h */ = {isa = PBXFileReference; fileEncoding = 4; lastKnownFileType = sourcecode.c.h; path = YRHPublishViewController.h; sourceTree = "<group>"; };
		91BB35A71DE93A16005AD309 /* YRHPublishViewController.m */ = {isa = PBXFileReference; fileEncoding = 4; lastKnownFileType = sourcecode.c.objc; path = YRHPublishViewController.m; sourceTree = "<group>"; };
		91BB35A81DE93A16005AD309 /* YRHPublishViewController.xib */ = {isa = PBXFileReference; fileEncoding = 4; lastKnownFileType = file.xib; path = YRHPublishViewController.xib; sourceTree = "<group>"; };
		91BB35AB1DE94D7A005AD309 /* YRHVoiceView.h */ = {isa = PBXFileReference; fileEncoding = 4; lastKnownFileType = sourcecode.c.h; path = YRHVoiceView.h; sourceTree = "<group>"; };
		91BB35AC1DE94D7A005AD309 /* YRHVoiceView.m */ = {isa = PBXFileReference; fileEncoding = 4; lastKnownFileType = sourcecode.c.objc; path = YRHVoiceView.m; sourceTree = "<group>"; };
		91BB35AE1DE94D85005AD309 /* YRHVoiceView.xib */ = {isa = PBXFileReference; fileEncoding = 4; lastKnownFileType = file.xib; path = YRHVoiceView.xib; sourceTree = "<group>"; };
		91BB35B01DE9551E005AD309 /* YRHVideoView.h */ = {isa = PBXFileReference; fileEncoding = 4; lastKnownFileType = sourcecode.c.h; path = YRHVideoView.h; sourceTree = "<group>"; };
		91BB35B11DE9551E005AD309 /* YRHVideoView.m */ = {isa = PBXFileReference; fileEncoding = 4; lastKnownFileType = sourcecode.c.objc; path = YRHVideoView.m; sourceTree = "<group>"; };
		91BB35B31DE95529005AD309 /* YRHVideoView.xib */ = {isa = PBXFileReference; fileEncoding = 4; lastKnownFileType = file.xib; path = YRHVideoView.xib; sourceTree = "<group>"; };
		91FF6E1D1DD5C55200362E68 /* 百思不得姐.app */ = {isa = PBXFileReference; explicitFileType = wrapper.application; includeInIndex = 0; path = "百思不得姐.app"; sourceTree = BUILT_PRODUCTS_DIR; };
		91FF6E2C1DD5C55300362E68 /* Assets.xcassets */ = {isa = PBXFileReference; lastKnownFileType = folder.assetcatalog; path = Assets.xcassets; sourceTree = "<group>"; };
		91FF6E2F1DD5C55300362E68 /* Base */ = {isa = PBXFileReference; lastKnownFileType = file.storyboard; name = Base; path = Base.lproj/LaunchScreen.storyboard; sourceTree = "<group>"; };
		91FF6E311DD5C55300362E68 /* Info.plist */ = {isa = PBXFileReference; lastKnownFileType = text.plist.xml; path = Info.plist; sourceTree = "<group>"; };
		F6C11F001397707BD8F5F492 /* Pods-百思不得姐.debug.xcconfig */ = {isa = PBXFileReference; includeInIndex = 1; lastKnownFileType = text.xcconfig; name = "Pods-百思不得姐.debug.xcconfig"; path = "Pods/Target Support Files/Pods-百思不得姐/Pods-百思不得姐.debug.xcconfig"; sourceTree = "<group>"; };
/* End PBXFileReference section */

/* Begin PBXFrameworksBuildPhase section */
		91FF6E1A1DD5C55200362E68 /* Frameworks */ = {
			isa = PBXFrameworksBuildPhase;
			buildActionMask = 2147483647;
			files = (
				C5E8BF564B18EBFB7C349A36 /* libPods-百思不得姐.a in Frameworks */,
			);
			runOnlyForDeploymentPostprocessing = 0;
		};
/* End PBXFrameworksBuildPhase section */

/* Begin PBXGroup section */
		7072068FBD86F2ACB3C24199 /* Frameworks */ = {
			isa = PBXGroup;
			children = (
				5441F7FAE98D1142102CA247 /* libPods-百思不得姐.a */,
			);
			name = Frameworks;
			sourceTree = "<group>";
		};
		91425A3E1DD689A5005241B3 /* Classes */ = {
			isa = PBXGroup;
			children = (
				91425A3F1DD689A5005241B3 /* Essence */,
				91425A4B1DD689A5005241B3 /* New */,
				91425A431DD689A5005241B3 /* FriendTrend */,
				91425A471DD689A5005241B3 /* Me */,
				91425A4F1DD689A5005241B3 /* Other */,
			);
			path = Classes;
			sourceTree = "<group>";
		};
		91425A3F1DD689A5005241B3 /* Essence */ = {
			isa = PBXGroup;
			children = (
				91425A411DD689A5005241B3 /* Model */,
				91425A421DD689A5005241B3 /* View */,
				91425A401DD689A5005241B3 /* Controller */,
			);
			path = Essence;
			sourceTree = "<group>";
		};
		91425A401DD689A5005241B3 /* Controller */ = {
			isa = PBXGroup;
			children = (
				91425A5B1DD68FFF005241B3 /* YRHEssenceController.h */,
				91425A5C1DD68FFF005241B3 /* YRHEssenceController.m */,
				914A22221DE52892009165E6 /* YRHRecommandTagController.h */,
				914A22231DE52892009165E6 /* YRHRecommandTagController.m */,
				91BB35961DE7F07A005AD309 /* YRHTopicViewController.h */,
				91BB35971DE7F07A005AD309 /* YRHTopicViewController.m */,
				91BB35A11DE911C6005AD309 /* YRHShowPictureViewController.h */,
				91BB35A21DE911C6005AD309 /* YRHShowPictureViewController.m */,
				91BB35A31DE911C6005AD309 /* YRHShowPictureViewController.xib */,
			);
			path = Controller;
			sourceTree = "<group>";
		};
		91425A411DD689A5005241B3 /* Model */ = {
			isa = PBXGroup;
			children = (
				914A222A1DE52B43009165E6 /* YRHRecommandTag.h */,
				914A222B1DE52B43009165E6 /* YRHRecommandTag.m */,
				91BB358B1DE7D16B005AD309 /* YRHTopic.h */,
				91BB358C1DE7D16B005AD309 /* YRHTopic.m */,
			);
			path = Model;
			sourceTree = "<group>";
		};
		91425A421DD689A5005241B3 /* View */ = {
			isa = PBXGroup;
			children = (
				914A22251DE5294E009165E6 /* YRHRecommandTagCell.h */,
				914A22261DE5294E009165E6 /* YRHRecommandTagCell.m */,
				914A22271DE5294E009165E6 /* YRHRecommandTagCell.xib */,
				91BB358E1DE7D369005AD309 /* YRHTopicCell.h */,
				91BB358F1DE7D369005AD309 /* YRHTopicCell.m */,
				91BB35901DE7D369005AD309 /* YRHTopicCell.xib */,
				91BB35991DE83DA5005AD309 /* YRHPictureView.h */,
				91BB359A1DE83DA5005AD309 /* YRHPictureView.m */,
				91BB359C1DE83DB1005AD309 /* YRHPictureView.xib */,
				91BB359E1DE90DA5005AD309 /* YRHProgressView.h */,
				91BB359F1DE90DA5005AD309 /* YRHProgressView.m */,
				91BB35AB1DE94D7A005AD309 /* YRHVoiceView.h */,
				91BB35AC1DE94D7A005AD309 /* YRHVoiceView.m */,
				91BB35AE1DE94D85005AD309 /* YRHVoiceView.xib */,
				91BB35B01DE9551E005AD309 /* YRHVideoView.h */,
				91BB35B11DE9551E005AD309 /* YRHVideoView.m */,
				91BB35B31DE95529005AD309 /* YRHVideoView.xib */,
			);
			path = View;
			sourceTree = "<group>";
		};
		91425A431DD689A5005241B3 /* FriendTrend */ = {
			isa = PBXGroup;
			children = (
				91425A451DD689A5005241B3 /* Model */,
				91425A461DD689A5005241B3 /* View */,
				91425A441DD689A5005241B3 /* Controller */,
			);
			path = FriendTrend;
			sourceTree = "<group>";
		};
		91425A441DD689A5005241B3 /* Controller */ = {
			isa = PBXGroup;
			children = (
				91425A611DD69025005241B3 /* YRHFriendTrendController.h */,
				91425A621DD69025005241B3 /* YRHFriendTrendController.m */,
				91425A781DD6A943005241B3 /* YRHFriendTrendController.xib */,
				91425A7A1DD6B0D1005241B3 /* YRHRecommandViewController.h */,
				91425A7B1DD6B0D1005241B3 /* YRHRecommandViewController.m */,
				91425A7C1DD6B0D1005241B3 /* YRHRecommandViewController.xib */,
				914A22321DE53A23009165E6 /* YRHRegisterController.h */,
				914A22331DE53A23009165E6 /* YRHRegisterController.m */,
				914A22341DE53A23009165E6 /* YRHRegisterController.xib */,
			);
			path = Controller;
			sourceTree = "<group>";
		};
		91425A451DD689A5005241B3 /* Model */ = {
			isa = PBXGroup;
			children = (
				91425A891DD747CF005241B3 /* YRHCategory.h */,
				91425A8A1DD747CF005241B3 /* YRHCategory.m */,
				91425A911DD752C6005241B3 /* YRHUserCategory.h */,
				91425A921DD752C6005241B3 /* YRHUserCategory.m */,
			);
			path = Model;
			sourceTree = "<group>";
		};
		91425A461DD689A5005241B3 /* View */ = {
			isa = PBXGroup;
			children = (
				91425A841DD6C0AE005241B3 /* YRHRecommandCategoryCell.h */,
				91425A851DD6C0AE005241B3 /* YRHRecommandCategoryCell.m */,
				91425A861DD6C0AE005241B3 /* YRHRecommandCategoryCell.xib */,
				91425A8C1DD751DE005241B3 /* YRHUserViewCell.h */,
				91425A8D1DD751DE005241B3 /* YRHUserViewCell.m */,
				91425A8E1DD751DE005241B3 /* YRHUserViewCell.xib */,
				914A22371DE53C8F009165E6 /* YRHVerticalButton.h */,
				914A22381DE53C8F009165E6 /* YRHVerticalButton.m */,
				914A223A1DE546C3009165E6 /* YRHTextField.h */,
				914A223B1DE546C3009165E6 /* YRHTextField.m */,
			);
			path = View;
			sourceTree = "<group>";
		};
		91425A471DD689A5005241B3 /* Me */ = {
			isa = PBXGroup;
			children = (
				91425A491DD689A5005241B3 /* Model */,
				91425A4A1DD689A5005241B3 /* View */,
				91425A481DD689A5005241B3 /* Controller */,
			);
			path = Me;
			sourceTree = "<group>";
		};
		91425A481DD689A5005241B3 /* Controller */ = {
			isa = PBXGroup;
			children = (
				91425A641DD69035005241B3 /* YRHMeController.h */,
				91425A651DD69035005241B3 /* YRHMeController.m */,
			);
			path = Controller;
			sourceTree = "<group>";
		};
		91425A491DD689A5005241B3 /* Model */ = {
			isa = PBXGroup;
			children = (
			);
			path = Model;
			sourceTree = "<group>";
		};
		91425A4A1DD689A5005241B3 /* View */ = {
			isa = PBXGroup;
			children = (
			);
			path = View;
			sourceTree = "<group>";
		};
		91425A4B1DD689A5005241B3 /* New */ = {
			isa = PBXGroup;
			children = (
				91425A4D1DD689A5005241B3 /* Model */,
				91425A4E1DD689A5005241B3 /* View */,
				91425A4C1DD689A5005241B3 /* Controller */,
			);
			path = New;
			sourceTree = "<group>";
		};
		91425A4C1DD689A5005241B3 /* Controller */ = {
			isa = PBXGroup;
			children = (
				91425A5E1DD69014005241B3 /* YRHNewController.h */,
				91425A5F1DD69014005241B3 /* YRHNewController.m */,
			);
			path = Controller;
			sourceTree = "<group>";
		};
		91425A4D1DD689A5005241B3 /* Model */ = {
			isa = PBXGroup;
			children = (
			);
			path = Model;
			sourceTree = "<group>";
		};
		91425A4E1DD689A5005241B3 /* View */ = {
			isa = PBXGroup;
			children = (
			);
			path = View;
			sourceTree = "<group>";
		};
		91425A4F1DD689A5005241B3 /* Other */ = {
			isa = PBXGroup;
			children = (
				91425A541DD689A5005241B3 /* Model */,
				91425A551DD689A5005241B3 /* View */,
				91425A521DD689A5005241B3 /* Controller */,
				91425A531DD689A5005241B3 /* main.m */,
				91425A501DD689A5005241B3 /* AppDelegate.h */,
				91425A511DD689A5005241B3 /* AppDelegate.m */,
				91425A6B1DD695B9005241B3 /* UIView+Extension.h */,
				91425A6C1DD695B9005241B3 /* UIView+Extension.m */,
				91425A6E1DD695E9005241B3 /* PrefixHeader.pch */,
				91425A6F1DD6A0A2005241B3 /* UIBarButtonItem+YRHBarButtonItem.h */,
				91425A701DD6A0A2005241B3 /* UIBarButtonItem+YRHBarButtonItem.m */,
				91425A721DD6A504005241B3 /* YRHtestViewController.h */,
				91425A731DD6A504005241B3 /* YRHtestViewController.m */,
				91BB35931DE7DCD5005AD309 /* YRHConst.h */,
				91BB35941DE7DCD5005AD309 /* YRHConst.m */,
			);
			path = Other;
			sourceTree = "<group>";
		};
		91425A521DD689A5005241B3 /* Controller */ = {
			isa = PBXGroup;
			children = (
				91425A581DD68A62005241B3 /* YRHTabBarController.h */,
				91425A591DD68A62005241B3 /* YRHTabBarController.m */,
				91425A751DD6A5F2005241B3 /* YRHNavigationController.h */,
				91425A761DD6A5F2005241B3 /* YRHNavigationController.m */,
				91BB35A61DE93A16005AD309 /* YRHPublishViewController.h */,
				91BB35A71DE93A16005AD309 /* YRHPublishViewController.m */,
				91BB35A81DE93A16005AD309 /* YRHPublishViewController.xib */,
			);
			path = Controller;
			sourceTree = "<group>";
		};
		91425A541DD689A5005241B3 /* Model */ = {
			isa = PBXGroup;
			children = (
			);
			path = Model;
			sourceTree = "<group>";
		};
		91425A551DD689A5005241B3 /* View */ = {
			isa = PBXGroup;
			children = (
				91425A671DD6910C005241B3 /* YRHTabBar.h */,
				91425A681DD6910C005241B3 /* YRHTabBar.m */,
				914A223D1DE5CBC9009165E6 /* YRHPushGuideView.h */,
				914A223E1DE5CBC9009165E6 /* YRHPushGuideView.m */,
				914A22401DE5CBD5009165E6 /* YRHPushGuideView.xib */,
			);
			path = View;
			sourceTree = "<group>";
		};
		91FF6E141DD5C55200362E68 = {
			isa = PBXGroup;
			children = (
				91FF6E1F1DD5C55300362E68 /* 百思不得姐 */,
				91FF6E1E1DD5C55200362E68 /* Products */,
				B7051EE87F9AE106127B3DF6 /* Pods */,
				7072068FBD86F2ACB3C24199 /* Frameworks */,
			);
			sourceTree = "<group>";
		};
		91FF6E1E1DD5C55200362E68 /* Products */ = {
			isa = PBXGroup;
			children = (
				91FF6E1D1DD5C55200362E68 /* 百思不得姐.app */,
			);
			name = Products;
			sourceTree = "<group>";
		};
		91FF6E1F1DD5C55300362E68 /* 百思不得姐 */ = {
			isa = PBXGroup;
			children = (
				91425A3E1DD689A5005241B3 /* Classes */,
				91FF6E2C1DD5C55300362E68 /* Assets.xcassets */,
				91FF6E2E1DD5C55300362E68 /* LaunchScreen.storyboard */,
				91FF6E311DD5C55300362E68 /* Info.plist */,
				91FF6E201DD5C55300362E68 /* Supporting Files */,
			);
			path = "百思不得姐";
			sourceTree = "<group>";
		};
		91FF6E201DD5C55300362E68 /* Supporting Files */ = {
			isa = PBXGroup;
			children = (
			);
			name = "Supporting Files";
			sourceTree = "<group>";
		};
		B7051EE87F9AE106127B3DF6 /* Pods */ = {
			isa = PBXGroup;
			children = (
				F6C11F001397707BD8F5F492 /* Pods-百思不得姐.debug.xcconfig */,
				60E1C74D31DEAF0784D9770C /* Pods-百思不得姐.release.xcconfig */,
			);
			name = Pods;
			sourceTree = "<group>";
		};
/* End PBXGroup section */

/* Begin PBXNativeTarget section */
		91FF6E1C1DD5C55200362E68 /* 百思不得姐 */ = {
			isa = PBXNativeTarget;
			buildConfigurationList = 91FF6E341DD5C55300362E68 /* Build configuration list for PBXNativeTarget "百思不得姐" */;
			buildPhases = (
				239BECF99BE7B8F74A10663F /* [CP] Check Pods Manifest.lock */,
				91FF6E191DD5C55200362E68 /* Sources */,
				91FF6E1A1DD5C55200362E68 /* Frameworks */,
				91FF6E1B1DD5C55200362E68 /* Resources */,
				E8461C23B03D286B70C590A5 /* [CP] Embed Pods Frameworks */,
				D4EC54776D5FE9551DE8312A /* [CP] Copy Pods Resources */,
			);
			buildRules = (
			);
			dependencies = (
			);
			name = "百思不得姐";
			productName = "百思不得姐";
			productReference = 91FF6E1D1DD5C55200362E68 /* 百思不得姐.app */;
			productType = "com.apple.product-type.application";
		};
/* End PBXNativeTarget section */

/* Begin PBXProject section */
		91FF6E151DD5C55200362E68 /* Project object */ = {
			isa = PBXProject;
			attributes = {
				CLASSPREFIX = YRH;
				LastUpgradeCheck = 0810;
				ORGANIZATIONNAME = itcast;
				TargetAttributes = {
					91FF6E1C1DD5C55200362E68 = {
						CreatedOnToolsVersion = 8.1;
						DevelopmentTeam = EJ8NXVWYPA;
						ProvisioningStyle = Automatic;
					};
				};
			};
			buildConfigurationList = 91FF6E181DD5C55200362E68 /* Build configuration list for PBXProject "百思不得姐" */;
			compatibilityVersion = "Xcode 3.2";
			developmentRegion = English;
			hasScannedForEncodings = 0;
			knownRegions = (
				en,
				Base,
			);
			mainGroup = 91FF6E141DD5C55200362E68;
			productRefGroup = 91FF6E1E1DD5C55200362E68 /* Products */;
			projectDirPath = "";
			projectRoot = "";
			targets = (
				91FF6E1C1DD5C55200362E68 /* 百思不得姐 */,
			);
		};
/* End PBXProject section */

/* Begin PBXResourcesBuildPhase section */
		91FF6E1B1DD5C55200362E68 /* Resources */ = {
			isa = PBXResourcesBuildPhase;
			buildActionMask = 2147483647;
			files = (
				91BB35AA1DE93A16005AD309 /* YRHPublishViewController.xib in Resources */,
				91BB35A51DE911C6005AD309 /* YRHShowPictureViewController.xib in Resources */,
				91BB35B41DE95529005AD309 /* YRHVideoView.xib in Resources */,
				91425A881DD6C0AE005241B3 /* YRHRecommandCategoryCell.xib in Resources */,
				91425A791DD6A943005241B3 /* YRHFriendTrendController.xib in Resources */,
				91FF6E301DD5C55300362E68 /* LaunchScreen.storyboard in Resources */,
				91425A901DD751DE005241B3 /* YRHUserViewCell.xib in Resources */,
				91BB359D1DE83DB1005AD309 /* YRHPictureView.xib in Resources */,
				91BB35AF1DE94D85005AD309 /* YRHVoiceView.xib in Resources */,
				91FF6E2D1DD5C55300362E68 /* Assets.xcassets in Resources */,
				91425A7E1DD6B0D1005241B3 /* YRHRecommandViewController.xib in Resources */,
				914A22361DE53A23009165E6 /* YRHRegisterController.xib in Resources */,
				914A22291DE5294E009165E6 /* YRHRecommandTagCell.xib in Resources */,
				914A22411DE5CBD5009165E6 /* YRHPushGuideView.xib in Resources */,
				91BB35921DE7D369005AD309 /* YRHTopicCell.xib in Resources */,
			);
			runOnlyForDeploymentPostprocessing = 0;
		};
/* End PBXResourcesBuildPhase section */

/* Begin PBXShellScriptBuildPhase section */
		239BECF99BE7B8F74A10663F /* [CP] Check Pods Manifest.lock */ = {
			isa = PBXShellScriptBuildPhase;
			buildActionMask = 2147483647;
			files = (
			);
			inputPaths = (
			);
			name = "[CP] Check Pods Manifest.lock";
			outputPaths = (
			);
			runOnlyForDeploymentPostprocessing = 0;
			shellPath = /bin/sh;
			shellScript = "diff \"${PODS_ROOT}/../Podfile.lock\" \"${PODS_ROOT}/Manifest.lock\" > /dev/null\nif [ $? != 0 ] ; then\n    # print error to STDERR\n    echo \"error: The sandbox is not in sync with the Podfile.lock. Run 'pod install' or update your CocoaPods installation.\" >&2\n    exit 1\nfi\n";
			showEnvVarsInLog = 0;
		};
		D4EC54776D5FE9551DE8312A /* [CP] Copy Pods Resources */ = {
			isa = PBXShellScriptBuildPhase;
			buildActionMask = 2147483647;
			files = (
			);
			inputPaths = (
			);
			name = "[CP] Copy Pods Resources";
			outputPaths = (
			);
			runOnlyForDeploymentPostprocessing = 0;
			shellPath = /bin/sh;
			shellScript = "\"${SRCROOT}/Pods/Target Support Files/Pods-百思不得姐/Pods-百思不得姐-resources.sh\"\n";
			showEnvVarsInLog = 0;
		};
		E8461C23B03D286B70C590A5 /* [CP] Embed Pods Frameworks */ = {
			isa = PBXShellScriptBuildPhase;
			buildActionMask = 2147483647;
			files = (
			);
			inputPaths = (
			);
			name = "[CP] Embed Pods Frameworks";
			outputPaths = (
			);
			runOnlyForDeploymentPostprocessing = 0;
			shellPath = /bin/sh;
			shellScript = "\"${SRCROOT}/Pods/Target Support Files/Pods-百思不得姐/Pods-百思不得姐-frameworks.sh\"\n";
			showEnvVarsInLog = 0;
		};
/* End PBXShellScriptBuildPhase section */

/* Begin PBXSourcesBuildPhase section */
		91FF6E191DD5C55200362E68 /* Sources */ = {
			isa = PBXSourcesBuildPhase;
			buildActionMask = 2147483647;
			files = (
				914A22351DE53A23009165E6 /* YRHRegisterController.m in Sources */,
				91BB35911DE7D369005AD309 /* YRHTopicCell.m in Sources */,
				91425A871DD6C0AE005241B3 /* YRHRecommandCategoryCell.m in Sources */,
				91425A6D1DD695B9005241B3 /* UIView+Extension.m in Sources */,
				91BB35A41DE911C6005AD309 /* YRHShowPictureViewController.m in Sources */,
				91425A741DD6A504005241B3 /* YRHtestViewController.m in Sources */,
				91425A571DD689A5005241B3 /* main.m in Sources */,
				91425A601DD69014005241B3 /* YRHNewController.m in Sources */,
				91425A711DD6A0A2005241B3 /* UIBarButtonItem+YRHBarButtonItem.m in Sources */,
				91BB359B1DE83DA5005AD309 /* YRHPictureView.m in Sources */,
				91BB358D1DE7D16B005AD309 /* YRHTopic.m in Sources */,
				914A223C1DE546C3009165E6 /* YRHTextField.m in Sources */,
				91425A5A1DD68A62005241B3 /* YRHTabBarController.m in Sources */,
				914A223F1DE5CBC9009165E6 /* YRHPushGuideView.m in Sources */,
				91BB35B21DE9551E005AD309 /* YRHVideoView.m in Sources */,
				914A22281DE5294E009165E6 /* YRHRecommandTagCell.m in Sources */,
				91425A8B1DD747CF005241B3 /* YRHCategory.m in Sources */,
				91425A631DD69025005241B3 /* YRHFriendTrendController.m in Sources */,
				91425A8F1DD751DE005241B3 /* YRHUserViewCell.m in Sources */,
				91425A5D1DD68FFF005241B3 /* YRHEssenceController.m in Sources */,
				914A22241DE52892009165E6 /* YRHRecommandTagController.m in Sources */,
				91425A691DD6910C005241B3 /* YRHTabBar.m in Sources */,
				914A22391DE53C8F009165E6 /* YRHVerticalButton.m in Sources */,
				91BB35A01DE90DA5005AD309 /* YRHProgressView.m in Sources */,
				91BB35981DE7F07A005AD309 /* YRHTopicViewController.m in Sources */,
				91425A661DD69035005241B3 /* YRHMeController.m in Sources */,
				91425A561DD689A5005241B3 /* AppDelegate.m in Sources */,
				91425A931DD752C6005241B3 /* YRHUserCategory.m in Sources */,
				914A222C1DE52B43009165E6 /* YRHRecommandTag.m in Sources */,
				91425A7D1DD6B0D1005241B3 /* YRHRecommandViewController.m in Sources */,
				91425A771DD6A5F2005241B3 /* YRHNavigationController.m in Sources */,
				91BB35A91DE93A16005AD309 /* YRHPublishViewController.m in Sources */,
				91BB35951DE7DCD5005AD309 /* YRHConst.m in Sources */,
				91BB35AD1DE94D7A005AD309 /* YRHVoiceView.m in Sources */,
			);
			runOnlyForDeploymentPostprocessing = 0;
		};
/* End PBXSourcesBuildPhase section */

/* Begin PBXVariantGroup section */
		91FF6E2E1DD5C55300362E68 /* LaunchScreen.storyboard */ = {
			isa = PBXVariantGroup;
			children = (
				91FF6E2F1DD5C55300362E68 /* Base */,
			);
			name = LaunchScreen.storyboard;
			sourceTree = "<group>";
		};
/* End PBXVariantGroup section */

/* Begin XCBuildConfiguration section */
		91FF6E321DD5C55300362E68 /* Debug */ = {
			isa = XCBuildConfiguration;
			buildSettings = {
				ALWAYS_SEARCH_USER_PATHS = NO;
				CLANG_ANALYZER_NONNULL = YES;
				CLANG_CXX_LANGUAGE_STANDARD = "gnu++0x";
				CLANG_CXX_LIBRARY = "libc++";
				CLANG_ENABLE_MODULES = YES;
				CLANG_ENABLE_OBJC_ARC = YES;
				CLANG_WARN_BOOL_CONVERSION = YES;
				CLANG_WARN_CONSTANT_CONVERSION = YES;
				CLANG_WARN_DIRECT_OBJC_ISA_USAGE = YES_ERROR;
				CLANG_WARN_DOCUMENTATION_COMMENTS = YES;
				CLANG_WARN_EMPTY_BODY = YES;
				CLANG_WARN_ENUM_CONVERSION = YES;
				CLANG_WARN_INFINITE_RECURSION = YES;
				CLANG_WARN_INT_CONVERSION = YES;
				CLANG_WARN_OBJC_ROOT_CLASS = YES_ERROR;
				CLANG_WARN_SUSPICIOUS_MOVES = YES;
				CLANG_WARN_UNREACHABLE_CODE = YES;
				CLANG_WARN__DUPLICATE_METHOD_MATCH = YES;
				"CODE_SIGN_IDENTITY[sdk=iphoneos*]" = "iPhone Developer";
				COPY_PHASE_STRIP = NO;
				DEBUG_INFORMATION_FORMAT = dwarf;
				ENABLE_STRICT_OBJC_MSGSEND = YES;
				ENABLE_TESTABILITY = YES;
				GCC_C_LANGUAGE_STANDARD = gnu99;
				GCC_DYNAMIC_NO_PIC = NO;
				GCC_NO_COMMON_BLOCKS = YES;
				GCC_OPTIMIZATION_LEVEL = 0;
				GCC_PREPROCESSOR_DEFINITIONS = (
					"DEBUG=1",
					"$(inherited)",
				);
				GCC_WARN_64_TO_32_BIT_CONVERSION = YES;
				GCC_WARN_ABOUT_RETURN_TYPE = YES_ERROR;
				GCC_WARN_UNDECLARED_SELECTOR = YES;
				GCC_WARN_UNINITIALIZED_AUTOS = YES_AGGRESSIVE;
				GCC_WARN_UNUSED_FUNCTION = YES;
				GCC_WARN_UNUSED_VARIABLE = YES;
				IPHONEOS_DEPLOYMENT_TARGET = 10.1;
				MTL_ENABLE_DEBUG_INFO = YES;
				ONLY_ACTIVE_ARCH = YES;
				SDKROOT = iphoneos;
				TARGETED_DEVICE_FAMILY = "1,2";
			};
			name = Debug;
		};
		91FF6E331DD5C55300362E68 /* Release */ = {
			isa = XCBuildConfiguration;
			buildSettings = {
				ALWAYS_SEARCH_USER_PATHS = NO;
				CLANG_ANALYZER_NONNULL = YES;
				CLANG_CXX_LANGUAGE_STANDARD = "gnu++0x";
				CLANG_CXX_LIBRARY = "libc++";
				CLANG_ENABLE_MODULES = YES;
				CLANG_ENABLE_OBJC_ARC = YES;
				CLANG_WARN_BOOL_CONVERSION = YES;
				CLANG_WARN_CONSTANT_CONVERSION = YES;
				CLANG_WARN_DIRECT_OBJC_ISA_USAGE = YES_ERROR;
				CLANG_WARN_DOCUMENTATION_COMMENTS = YES;
				CLANG_WARN_EMPTY_BODY = YES;
				CLANG_WARN_ENUM_CONVERSION = YES;
				CLANG_WARN_INFINITE_RECURSION = YES;
				CLANG_WARN_INT_CONVERSION = YES;
				CLANG_WARN_OBJC_ROOT_CLASS = YES_ERROR;
				CLANG_WARN_SUSPICIOUS_MOVES = YES;
				CLANG_WARN_UNREACHABLE_CODE = YES;
				CLANG_WARN__DUPLICATE_METHOD_MATCH = YES;
				"CODE_SIGN_IDENTITY[sdk=iphoneos*]" = "iPhone Developer";
				COPY_PHASE_STRIP = NO;
				DEBUG_INFORMATION_FORMAT = "dwarf-with-dsym";
				ENABLE_NS_ASSERTIONS = NO;
				ENABLE_STRICT_OBJC_MSGSEND = YES;
				GCC_C_LANGUAGE_STANDARD = gnu99;
				GCC_NO_COMMON_BLOCKS = YES;
				GCC_WARN_64_TO_32_BIT_CONVERSION = YES;
				GCC_WARN_ABOUT_RETURN_TYPE = YES_ERROR;
				GCC_WARN_UNDECLARED_SELECTOR = YES;
				GCC_WARN_UNINITIALIZED_AUTOS = YES_AGGRESSIVE;
				GCC_WARN_UNUSED_FUNCTION = YES;
				GCC_WARN_UNUSED_VARIABLE = YES;
				IPHONEOS_DEPLOYMENT_TARGET = 10.1;
				MTL_ENABLE_DEBUG_INFO = NO;
				SDKROOT = iphoneos;
				TARGETED_DEVICE_FAMILY = "1,2";
				VALIDATE_PRODUCT = YES;
			};
			name = Release;
		};
		91FF6E351DD5C55300362E68 /* Debug */ = {
			isa = XCBuildConfiguration;
			baseConfigurationReference = F6C11F001397707BD8F5F492 /* Pods-百思不得姐.debug.xcconfig */;
			buildSettings = {
				ASSETCATALOG_COMPILER_APPICON_NAME = AppIcon;
				DEVELOPMENT_TEAM = EJ8NXVWYPA;
				GCC_PRECOMPILE_PREFIX_HEADER = NO;
				GCC_PREFIX_HEADER = "$(SRCROOT)/百思不得姐/Classes/Other/PrefixHeader.pch";
				INFOPLIST_FILE = "百思不得姐/Info.plist";
				IPHONEOS_DEPLOYMENT_TARGET = 10.0;
				LD_RUNPATH_SEARCH_PATHS = "$(inherited) @executable_path/Frameworks";
				PRODUCT_BUNDLE_IDENTIFIER = cn.itcast.DouYuZB;
				PRODUCT_NAME = "$(TARGET_NAME)";
			};
			name = Debug;
		};
		91FF6E361DD5C55300362E68 /* Release */ = {
			isa = XCBuildConfiguration;
			baseConfigurationReference = 60E1C74D31DEAF0784D9770C /* Pods-百思不得姐.release.xcconfig */;
			buildSettings = {
				ASSETCATALOG_COMPILER_APPICON_NAME = AppIcon;
				DEVELOPMENT_TEAM = EJ8NXVWYPA;
				GCC_PRECOMPILE_PREFIX_HEADER = NO;
				GCC_PREFIX_HEADER = "$(SRCROOT)/百思不得姐/Classes/Other/PrefixHeader.pch";
				INFOPLIST_FILE = "百思不得姐/Info.plist";
				IPHONEOS_DEPLOYMENT_TARGET = 10.0;
				LD_RUNPATH_SEARCH_PATHS = "$(inherited) @executable_path/Frameworks";
				PRODUCT_BUNDLE_IDENTIFIER = cn.itcast.DouYuZB;
				PRODUCT_NAME = "$(TARGET_NAME)";
			};
			name = Release;
		};
/* End XCBuildConfiguration section */

/* Begin XCConfigurationList section */
		91FF6E181DD5C55200362E68 /* Build configuration list for PBXProject "百思不得姐" */ = {
			isa = XCConfigurationList;
			buildConfigurations = (
				91FF6E321DD5C55300362E68 /* Debug */,
				91FF6E331DD5C55300362E68 /* Release */,
			);
			defaultConfigurationIsVisible = 0;
			defaultConfigurationName = Release;
		};
		91FF6E341DD5C55300362E68 /* Build configuration list for PBXNativeTarget "百思不得姐" */ = {
			isa = XCConfigurationList;
			buildConfigurations = (
				91FF6E351DD5C55300362E68 /* Debug */,
				91FF6E361DD5C55300362E68 /* Release */,
			);
			defaultConfigurationIsVisible = 0;
			defaultConfigurationName = Release;
		};
/* End XCConfigurationList section */
	};
	rootObject = 91FF6E151DD5C55200362E68 /* Project object */;
}
